# THIS IS AN AUTOGENERATED FILE. DO NOT EDIT THIS FILE DIRECTLY.
# yarn lockfile v1


"@aws-crypto/ie11-detection@^3.0.0":
  "integrity" "sha512-341lBBkiY1DfDNKai/wXM3aujNBkXR7tq1URPQDL9wi3AUbI80NR74uF1TXHMm7po1AcnFk8iu2S2IeU/+/A+Q=="
  "resolved" "https://registry.npmjs.org/@aws-crypto/ie11-detection/-/ie11-detection-3.0.0.tgz"
  "version" "3.0.0"
  dependencies:
    "tslib" "^1.11.1"

"@aws-crypto/sha256-browser@3.0.0":
  "integrity" "sha512-8VLmW2B+gjFbU5uMeqtQM6Nj0/F1bro80xQXCW6CQBWgosFWXTx77aeOF5CAIAmbOK64SdMBJdNr6J41yP5mvQ=="
  "resolved" "https://registry.npmjs.org/@aws-crypto/sha256-browser/-/sha256-browser-3.0.0.tgz"
  "version" "3.0.0"
  dependencies:
    "@aws-crypto/ie11-detection" "^3.0.0"
    "@aws-crypto/sha256-js" "^3.0.0"
    "@aws-crypto/supports-web-crypto" "^3.0.0"
    "@aws-crypto/util" "^3.0.0"
    "@aws-sdk/types" "^3.222.0"
    "@aws-sdk/util-locate-window" "^3.0.0"
    "@aws-sdk/util-utf8-browser" "^3.0.0"
    "tslib" "^1.11.1"

"@aws-crypto/sha256-js@^3.0.0", "@aws-crypto/sha256-js@3.0.0":
  "integrity" "sha512-PnNN7os0+yd1XvXAy23CFOmTbMaDxgxXtTKHybrJ39Y8kGzBATgBFibWJKH6BhytLI/Zyszs87xCOBNyBig6vQ=="
  "resolved" "https://registry.npmjs.org/@aws-crypto/sha256-js/-/sha256-js-3.0.0.tgz"
  "version" "3.0.0"
  dependencies:
    "@aws-crypto/util" "^3.0.0"
    "@aws-sdk/types" "^3.222.0"
    "tslib" "^1.11.1"

"@aws-crypto/supports-web-crypto@^3.0.0":
  "integrity" "sha512-06hBdMwUAb2WFTuGG73LSC0wfPu93xWwo5vL2et9eymgmu3Id5vFAHBbajVWiGhPO37qcsdCap/FqXvJGJWPIg=="
  "resolved" "https://registry.npmjs.org/@aws-crypto/supports-web-crypto/-/supports-web-crypto-3.0.0.tgz"
  "version" "3.0.0"
  dependencies:
    "tslib" "^1.11.1"

"@aws-crypto/util@^3.0.0":
  "integrity" "sha512-2OJlpeJpCR48CC8r+uKVChzs9Iungj9wkZrl8Z041DWEWvyIHILYKCPNzJghKsivj+S3mLo6BVc7mBNzdxA46w=="
  "resolved" "https://registry.npmjs.org/@aws-crypto/util/-/util-3.0.0.tgz"
  "version" "3.0.0"
  dependencies:
    "@aws-sdk/types" "^3.222.0"
    "@aws-sdk/util-utf8-browser" "^3.0.0"
    "tslib" "^1.11.1"

"@aws-sdk/abort-controller@3.272.0":
  "integrity" "sha512-s2TV3phapcTwZNr4qLxbfuQuE9ZMP4RoJdkvRRCkKdm6jslsWLJf2Zlcxti/23hOlINUMYv2iXE2pftIgWGdpg=="
  "resolved" "https://registry.npmjs.org/@aws-sdk/abort-controller/-/abort-controller-3.272.0.tgz"
  "version" "3.272.0"
  dependencies:
    "@aws-sdk/types" "3.272.0"
    "tslib" "^2.3.1"

"@aws-sdk/client-cognito-identity-provider@3.272.0":
  "integrity" "sha512-7xojx+tJFrRtCcN5K4mUJxAMy+6R6ZCK4bJOQlO8cKAG/CS3/7QIllCru47osZ2qcSUAmU78MmWQcZDdSwbiNQ=="
  "resolved" "https://registry.npmjs.org/@aws-sdk/client-cognito-identity-provider/-/client-cognito-identity-provider-3.272.0.tgz"
  "version" "3.272.0"
  dependencies:
    "@aws-crypto/sha256-browser" "3.0.0"
    "@aws-crypto/sha256-js" "3.0.0"
    "@aws-sdk/client-sts" "3.272.0"
    "@aws-sdk/config-resolver" "3.272.0"
    "@aws-sdk/credential-provider-node" "3.272.0"
    "@aws-sdk/fetch-http-handler" "3.272.0"
    "@aws-sdk/hash-node" "3.272.0"
    "@aws-sdk/invalid-dependency" "3.272.0"
    "@aws-sdk/middleware-content-length" "3.272.0"
    "@aws-sdk/middleware-endpoint" "3.272.0"
    "@aws-sdk/middleware-host-header" "3.272.0"
    "@aws-sdk/middleware-logger" "3.272.0"
    "@aws-sdk/middleware-recursion-detection" "3.272.0"
    "@aws-sdk/middleware-retry" "3.272.0"
    "@aws-sdk/middleware-serde" "3.272.0"
    "@aws-sdk/middleware-signing" "3.272.0"
    "@aws-sdk/middleware-stack" "3.272.0"
    "@aws-sdk/middleware-user-agent" "3.272.0"
    "@aws-sdk/node-config-provider" "3.272.0"
    "@aws-sdk/node-http-handler" "3.272.0"
    "@aws-sdk/protocol-http" "3.272.0"
    "@aws-sdk/smithy-client" "3.272.0"
    "@aws-sdk/types" "3.272.0"
    "@aws-sdk/url-parser" "3.272.0"
    "@aws-sdk/util-base64" "3.208.0"
    "@aws-sdk/util-body-length-browser" "3.188.0"
    "@aws-sdk/util-body-length-node" "3.208.0"
    "@aws-sdk/util-defaults-mode-browser" "3.272.0"
    "@aws-sdk/util-defaults-mode-node" "3.272.0"
    "@aws-sdk/util-endpoints" "3.272.0"
    "@aws-sdk/util-retry" "3.272.0"
    "@aws-sdk/util-user-agent-browser" "3.272.0"
    "@aws-sdk/util-user-agent-node" "3.272.0"
    "@aws-sdk/util-utf8" "3.254.0"
    "tslib" "^2.3.1"

"@aws-sdk/client-sso-oidc@3.272.0":
  "integrity" "sha512-ECcXu3xoa1yggnGKMTh29eWNHiF/wC6r5Uqbla22eOOosyh0+Z6lkJ3JUSLOUKCkBXA4Cs/tJL9UDFBrKbSlvA=="
  "resolved" "https://registry.npmjs.org/@aws-sdk/client-sso-oidc/-/client-sso-oidc-3.272.0.tgz"
  "version" "3.272.0"
  dependencies:
    "@aws-crypto/sha256-browser" "3.0.0"
    "@aws-crypto/sha256-js" "3.0.0"
    "@aws-sdk/config-resolver" "3.272.0"
    "@aws-sdk/fetch-http-handler" "3.272.0"
    "@aws-sdk/hash-node" "3.272.0"
    "@aws-sdk/invalid-dependency" "3.272.0"
    "@aws-sdk/middleware-content-length" "3.272.0"
    "@aws-sdk/middleware-endpoint" "3.272.0"
    "@aws-sdk/middleware-host-header" "3.272.0"
    "@aws-sdk/middleware-logger" "3.272.0"
    "@aws-sdk/middleware-recursion-detection" "3.272.0"
    "@aws-sdk/middleware-retry" "3.272.0"
    "@aws-sdk/middleware-serde" "3.272.0"
    "@aws-sdk/middleware-stack" "3.272.0"
    "@aws-sdk/middleware-user-agent" "3.272.0"
    "@aws-sdk/node-config-provider" "3.272.0"
    "@aws-sdk/node-http-handler" "3.272.0"
    "@aws-sdk/protocol-http" "3.272.0"
    "@aws-sdk/smithy-client" "3.272.0"
    "@aws-sdk/types" "3.272.0"
    "@aws-sdk/url-parser" "3.272.0"
    "@aws-sdk/util-base64" "3.208.0"
    "@aws-sdk/util-body-length-browser" "3.188.0"
    "@aws-sdk/util-body-length-node" "3.208.0"
    "@aws-sdk/util-defaults-mode-browser" "3.272.0"
    "@aws-sdk/util-defaults-mode-node" "3.272.0"
    "@aws-sdk/util-endpoints" "3.272.0"
    "@aws-sdk/util-retry" "3.272.0"
    "@aws-sdk/util-user-agent-browser" "3.272.0"
    "@aws-sdk/util-user-agent-node" "3.272.0"
    "@aws-sdk/util-utf8" "3.254.0"
    "tslib" "^2.3.1"

"@aws-sdk/client-sso@3.272.0":
  "integrity" "sha512-xn9a0IGONwQIARmngThoRhF1lLGjHAD67sUaShgIMaIMc6ipVYN6alWG1VuUpoUQ6iiwMEt0CHdfCyLyUV/fTA=="
  "resolved" "https://registry.npmjs.org/@aws-sdk/client-sso/-/client-sso-3.272.0.tgz"
  "version" "3.272.0"
  dependencies:
    "@aws-crypto/sha256-browser" "3.0.0"
    "@aws-crypto/sha256-js" "3.0.0"
    "@aws-sdk/config-resolver" "3.272.0"
    "@aws-sdk/fetch-http-handler" "3.272.0"
    "@aws-sdk/hash-node" "3.272.0"
    "@aws-sdk/invalid-dependency" "3.272.0"
    "@aws-sdk/middleware-content-length" "3.272.0"
    "@aws-sdk/middleware-endpoint" "3.272.0"
    "@aws-sdk/middleware-host-header" "3.272.0"
    "@aws-sdk/middleware-logger" "3.272.0"
    "@aws-sdk/middleware-recursion-detection" "3.272.0"
    "@aws-sdk/middleware-retry" "3.272.0"
    "@aws-sdk/middleware-serde" "3.272.0"
    "@aws-sdk/middleware-stack" "3.272.0"
    "@aws-sdk/middleware-user-agent" "3.272.0"
    "@aws-sdk/node-config-provider" "3.272.0"
    "@aws-sdk/node-http-handler" "3.272.0"
    "@aws-sdk/protocol-http" "3.272.0"
    "@aws-sdk/smithy-client" "3.272.0"
    "@aws-sdk/types" "3.272.0"
    "@aws-sdk/url-parser" "3.272.0"
    "@aws-sdk/util-base64" "3.208.0"
    "@aws-sdk/util-body-length-browser" "3.188.0"
    "@aws-sdk/util-body-length-node" "3.208.0"
    "@aws-sdk/util-defaults-mode-browser" "3.272.0"
    "@aws-sdk/util-defaults-mode-node" "3.272.0"
    "@aws-sdk/util-endpoints" "3.272.0"
    "@aws-sdk/util-retry" "3.272.0"
    "@aws-sdk/util-user-agent-browser" "3.272.0"
    "@aws-sdk/util-user-agent-node" "3.272.0"
    "@aws-sdk/util-utf8" "3.254.0"
    "tslib" "^2.3.1"

"@aws-sdk/client-sts@3.272.0":
  "integrity" "sha512-kigxCxURp3WupufGaL/LABMb7UQfzAQkKcj9royizL3ItJ0vw5kW/JFrPje5IW1mfLgdPF7PI9ShOjE0fCLTqA=="
  "resolved" "https://registry.npmjs.org/@aws-sdk/client-sts/-/client-sts-3.272.0.tgz"
  "version" "3.272.0"
  dependencies:
    "@aws-crypto/sha256-browser" "3.0.0"
    "@aws-crypto/sha256-js" "3.0.0"
    "@aws-sdk/config-resolver" "3.272.0"
    "@aws-sdk/credential-provider-node" "3.272.0"
    "@aws-sdk/fetch-http-handler" "3.272.0"
    "@aws-sdk/hash-node" "3.272.0"
    "@aws-sdk/invalid-dependency" "3.272.0"
    "@aws-sdk/middleware-content-length" "3.272.0"
    "@aws-sdk/middleware-endpoint" "3.272.0"
    "@aws-sdk/middleware-host-header" "3.272.0"
    "@aws-sdk/middleware-logger" "3.272.0"
    "@aws-sdk/middleware-recursion-detection" "3.272.0"
    "@aws-sdk/middleware-retry" "3.272.0"
    "@aws-sdk/middleware-sdk-sts" "3.272.0"
    "@aws-sdk/middleware-serde" "3.272.0"
    "@aws-sdk/middleware-signing" "3.272.0"
    "@aws-sdk/middleware-stack" "3.272.0"
    "@aws-sdk/middleware-user-agent" "3.272.0"
    "@aws-sdk/node-config-provider" "3.272.0"
    "@aws-sdk/node-http-handler" "3.272.0"
    "@aws-sdk/protocol-http" "3.272.0"
    "@aws-sdk/smithy-client" "3.272.0"
    "@aws-sdk/types" "3.272.0"
    "@aws-sdk/url-parser" "3.272.0"
    "@aws-sdk/util-base64" "3.208.0"
    "@aws-sdk/util-body-length-browser" "3.188.0"
    "@aws-sdk/util-body-length-node" "3.208.0"
    "@aws-sdk/util-defaults-mode-browser" "3.272.0"
    "@aws-sdk/util-defaults-mode-node" "3.272.0"
    "@aws-sdk/util-endpoints" "3.272.0"
    "@aws-sdk/util-retry" "3.272.0"
    "@aws-sdk/util-user-agent-browser" "3.272.0"
    "@aws-sdk/util-user-agent-node" "3.272.0"
    "@aws-sdk/util-utf8" "3.254.0"
    "fast-xml-parser" "4.0.11"
    "tslib" "^2.3.1"

"@aws-sdk/config-resolver@3.272.0":
  "integrity" "sha512-Dr4CffRVNsOp3LRNdpvcH6XuSgXOSLblWliCy/5I86cNl567KVMxujVx6uPrdTXYs2h1rt3MNl6jQGnAiJeTbw=="
  "resolved" "https://registry.npmjs.org/@aws-sdk/config-resolver/-/config-resolver-3.272.0.tgz"
  "version" "3.272.0"
  dependencies:
    "@aws-sdk/signature-v4" "3.272.0"
    "@aws-sdk/types" "3.272.0"
    "@aws-sdk/util-config-provider" "3.208.0"
    "@aws-sdk/util-middleware" "3.272.0"
    "tslib" "^2.3.1"

"@aws-sdk/credential-provider-env@3.272.0":
  "integrity" "sha512-QI65NbLnKLYHyTYhXaaUrq6eVsCCrMUb05WDA7+TJkWkjXesovpjc8vUKgFiLSxmgKmb2uOhHNcDyObKMrYQFw=="
  "resolved" "https://registry.npmjs.org/@aws-sdk/credential-provider-env/-/credential-provider-env-3.272.0.tgz"
  "version" "3.272.0"
  dependencies:
    "@aws-sdk/property-provider" "3.272.0"
    "@aws-sdk/types" "3.272.0"
    "tslib" "^2.3.1"

"@aws-sdk/credential-provider-imds@3.272.0":
  "integrity" "sha512-wwAfVY1jTFQEfxVfdYD5r5ieYGl+0g4nhekVxNMqE8E1JeRDd18OqiwAflzpgBIqxfqvCUkf+vl5JYyacMkNAQ=="
  "resolved" "https://registry.npmjs.org/@aws-sdk/credential-provider-imds/-/credential-provider-imds-3.272.0.tgz"
  "version" "3.272.0"
  dependencies:
    "@aws-sdk/node-config-provider" "3.272.0"
    "@aws-sdk/property-provider" "3.272.0"
    "@aws-sdk/types" "3.272.0"
    "@aws-sdk/url-parser" "3.272.0"
    "tslib" "^2.3.1"

"@aws-sdk/credential-provider-ini@3.272.0":
  "integrity" "sha512-iE3CDzK5NcupHYjfYjBdY1JCy8NLEoRUsboEjG0i0gy3S3jVpDeVHX1dLVcL/slBFj6GiM7SoNV/UfKnJf3Gaw=="
  "resolved" "https://registry.npmjs.org/@aws-sdk/credential-provider-ini/-/credential-provider-ini-3.272.0.tgz"
  "version" "3.272.0"
  dependencies:
    "@aws-sdk/credential-provider-env" "3.272.0"
    "@aws-sdk/credential-provider-imds" "3.272.0"
    "@aws-sdk/credential-provider-process" "3.272.0"
    "@aws-sdk/credential-provider-sso" "3.272.0"
    "@aws-sdk/credential-provider-web-identity" "3.272.0"
    "@aws-sdk/property-provider" "3.272.0"
    "@aws-sdk/shared-ini-file-loader" "3.272.0"
    "@aws-sdk/types" "3.272.0"
    "tslib" "^2.3.1"

"@aws-sdk/credential-provider-node@3.272.0":
  "integrity" "sha512-FI8uvwM1IxiRSvbkdKv8DZG5vxU3ezaseTaB1fHWTxEUFb0pWIoHX9oeOKer9Fj31SOZTCNAaYFURbSRuZlm/w=="
  "resolved" "https://registry.npmjs.org/@aws-sdk/credential-provider-node/-/credential-provider-node-3.272.0.tgz"
  "version" "3.272.0"
  dependencies:
    "@aws-sdk/credential-provider-env" "3.272.0"
    "@aws-sdk/credential-provider-imds" "3.272.0"
    "@aws-sdk/credential-provider-ini" "3.272.0"
    "@aws-sdk/credential-provider-process" "3.272.0"
    "@aws-sdk/credential-provider-sso" "3.272.0"
    "@aws-sdk/credential-provider-web-identity" "3.272.0"
    "@aws-sdk/property-provider" "3.272.0"
    "@aws-sdk/shared-ini-file-loader" "3.272.0"
    "@aws-sdk/types" "3.272.0"
    "tslib" "^2.3.1"

"@aws-sdk/credential-provider-process@3.272.0":
  "integrity" "sha512-hiCAjWWm2PeBFp5cjkxqyam/XADjiS+e7GzwC34TbZn3LisS0uoweLojj9tD11NnnUhyhbLteUvu5+rotOLwrg=="
  "resolved" "https://registry.npmjs.org/@aws-sdk/credential-provider-process/-/credential-provider-process-3.272.0.tgz"
  "version" "3.272.0"
  dependencies:
    "@aws-sdk/property-provider" "3.272.0"
    "@aws-sdk/shared-ini-file-loader" "3.272.0"
    "@aws-sdk/types" "3.272.0"
    "tslib" "^2.3.1"

"@aws-sdk/credential-provider-sso@3.272.0":
  "integrity" "sha512-hwYaulyiU/7chKKFecxCeo0ls6Dxs7h+5EtoYcJJGvfpvCncyOZF35t00OAsCd3Wo7HkhhgfpGdb6dmvCNQAZQ=="
  "resolved" "https://registry.npmjs.org/@aws-sdk/credential-provider-sso/-/credential-provider-sso-3.272.0.tgz"
  "version" "3.272.0"
  dependencies:
    "@aws-sdk/client-sso" "3.272.0"
    "@aws-sdk/property-provider" "3.272.0"
    "@aws-sdk/shared-ini-file-loader" "3.272.0"
    "@aws-sdk/token-providers" "3.272.0"
    "@aws-sdk/types" "3.272.0"
    "tslib" "^2.3.1"

"@aws-sdk/credential-provider-web-identity@3.272.0":
  "integrity" "sha512-ImrHMkcgneGa/HadHAQXPwOrX26sAKuB8qlMxZF/ZCM2B55u8deY+ZVkVuraeKb7YsahMGehPFOfRAF6mvFI5Q=="
  "resolved" "https://registry.npmjs.org/@aws-sdk/credential-provider-web-identity/-/credential-provider-web-identity-3.272.0.tgz"
  "version" "3.272.0"
  dependencies:
    "@aws-sdk/property-provider" "3.272.0"
    "@aws-sdk/types" "3.272.0"
    "tslib" "^2.3.1"

"@aws-sdk/fetch-http-handler@3.272.0":
  "integrity" "sha512-1Qhm9e0RbS1Xf4CZqUbQyUMkDLd7GrsRXWIvm9b86/vgeV8/WnjO3CMue9D51nYgcyQORhYXv6uVjAYCWbUExA=="
  "resolved" "https://registry.npmjs.org/@aws-sdk/fetch-http-handler/-/fetch-http-handler-3.272.0.tgz"
  "version" "3.272.0"
  dependencies:
    "@aws-sdk/protocol-http" "3.272.0"
    "@aws-sdk/querystring-builder" "3.272.0"
    "@aws-sdk/types" "3.272.0"
    "@aws-sdk/util-base64" "3.208.0"
    "tslib" "^2.3.1"

"@aws-sdk/hash-node@3.272.0":
  "integrity" "sha512-40dwND+iAm3VtPHPZu7/+CIdVJFk2s0cWZt1lOiMPMSXycSYJ45wMk7Lly3uoqRx0uWfFK5iT2OCv+fJi5jTng=="
  "resolved" "https://registry.npmjs.org/@aws-sdk/hash-node/-/hash-node-3.272.0.tgz"
  "version" "3.272.0"
  dependencies:
    "@aws-sdk/types" "3.272.0"
    "@aws-sdk/util-buffer-from" "3.208.0"
    "@aws-sdk/util-utf8" "3.254.0"
    "tslib" "^2.3.1"

"@aws-sdk/invalid-dependency@3.272.0":
  "integrity" "sha512-ysW6wbjl1Y78txHUQ/Tldj2Rg1BI7rpMO9B9xAF6yAX3mQ7t6SUPQG/ewOGvH2208NBIl3qP5e/hDf0Q6r/1iw=="
  "resolved" "https://registry.npmjs.org/@aws-sdk/invalid-dependency/-/invalid-dependency-3.272.0.tgz"
  "version" "3.272.0"
  dependencies:
    "@aws-sdk/types" "3.272.0"
    "tslib" "^2.3.1"

"@aws-sdk/is-array-buffer@3.201.0":
  "integrity" "sha512-UPez5qLh3dNgt0DYnPD/q0mVJY84rA17QE26hVNOW3fAji8W2wrwrxdacWOxyXvlxWsVRcKmr+lay1MDqpAMfg=="
  "resolved" "https://registry.npmjs.org/@aws-sdk/is-array-buffer/-/is-array-buffer-3.201.0.tgz"
  "version" "3.201.0"
  dependencies:
    "tslib" "^2.3.1"

"@aws-sdk/middleware-content-length@3.272.0":
  "integrity" "sha512-sAbDZSTNmLX+UTGwlUHJBWy0QGQkiClpHwVFXACon+aG0ySLNeRKEVYs6NCPYldw4cj6hveLUn50cX44ukHErw=="
  "resolved" "https://registry.npmjs.org/@aws-sdk/middleware-content-length/-/middleware-content-length-3.272.0.tgz"
  "version" "3.272.0"
  dependencies:
    "@aws-sdk/protocol-http" "3.272.0"
    "@aws-sdk/types" "3.272.0"
    "tslib" "^2.3.1"

"@aws-sdk/middleware-endpoint@3.272.0":
  "integrity" "sha512-Dk3JVjj7SxxoUKv3xGiOeBksvPtFhTDrVW75XJ98Ymv8gJH5L1sq4hIeJAHRKogGiRFq2J73mnZSlM9FVXEylg=="
  "resolved" "https://registry.npmjs.org/@aws-sdk/middleware-endpoint/-/middleware-endpoint-3.272.0.tgz"
  "version" "3.272.0"
  dependencies:
    "@aws-sdk/middleware-serde" "3.272.0"
    "@aws-sdk/protocol-http" "3.272.0"
    "@aws-sdk/signature-v4" "3.272.0"
    "@aws-sdk/types" "3.272.0"
    "@aws-sdk/url-parser" "3.272.0"
    "@aws-sdk/util-config-provider" "3.208.0"
    "@aws-sdk/util-middleware" "3.272.0"
    "tslib" "^2.3.1"

"@aws-sdk/middleware-host-header@3.272.0":
  "integrity" "sha512-Q8K7bMMFZnioUXpxn57HIt4p+I63XaNAawMLIZ5B4F2piyukbQeM9q2XVKMGwqLvijHR8CyP5nHrtKqVuINogQ=="
  "resolved" "https://registry.npmjs.org/@aws-sdk/middleware-host-header/-/middleware-host-header-3.272.0.tgz"
  "version" "3.272.0"
  dependencies:
    "@aws-sdk/protocol-http" "3.272.0"
    "@aws-sdk/types" "3.272.0"
    "tslib" "^2.3.1"

"@aws-sdk/middleware-logger@3.272.0":
  "integrity" "sha512-u2SQ0hWrFwxbxxYMG5uMEgf01pQY5jauK/LYWgGIvuCmFgiyRQQP3oN7kkmsxnS9MWmNmhbyQguX2NY02s5e9w=="
  "resolved" "https://registry.npmjs.org/@aws-sdk/middleware-logger/-/middleware-logger-3.272.0.tgz"
  "version" "3.272.0"
  dependencies:
    "@aws-sdk/types" "3.272.0"
    "tslib" "^2.3.1"

"@aws-sdk/middleware-recursion-detection@3.272.0":
  "integrity" "sha512-Gp/eKWeUWVNiiBdmUM2qLkBv+VLSJKoWAO+aKmyxxwjjmWhE0FrfA1NQ1a3g+NGMhRbAfQdaYswRAKsul70ISg=="
  "resolved" "https://registry.npmjs.org/@aws-sdk/middleware-recursion-detection/-/middleware-recursion-detection-3.272.0.tgz"
  "version" "3.272.0"
  dependencies:
    "@aws-sdk/protocol-http" "3.272.0"
    "@aws-sdk/types" "3.272.0"
    "tslib" "^2.3.1"

"@aws-sdk/middleware-retry@3.272.0":
  "integrity" "sha512-pCGvHM7C76VbO/dFerH+Vwf7tGv7j+e+eGrvhQ35mRghCtfIou/WMfTZlD1TNee93crrAQQVZKjtW3dMB3WCzg=="
  "resolved" "https://registry.npmjs.org/@aws-sdk/middleware-retry/-/middleware-retry-3.272.0.tgz"
  "version" "3.272.0"
  dependencies:
    "@aws-sdk/protocol-http" "3.272.0"
    "@aws-sdk/service-error-classification" "3.272.0"
    "@aws-sdk/types" "3.272.0"
    "@aws-sdk/util-middleware" "3.272.0"
    "@aws-sdk/util-retry" "3.272.0"
    "tslib" "^2.3.1"
    "uuid" "^8.3.2"

"@aws-sdk/middleware-sdk-sts@3.272.0":
  "integrity" "sha512-VvYPg7LrDIjUOWueSzo2wBzcNG7dw+cmzV6zAKaLxf0RC5jeAP4hE0OzDiiZfDrjNghEzgq/V+0NO+LewqYL9Q=="
  "resolved" "https://registry.npmjs.org/@aws-sdk/middleware-sdk-sts/-/middleware-sdk-sts-3.272.0.tgz"
  "version" "3.272.0"
  dependencies:
    "@aws-sdk/middleware-signing" "3.272.0"
    "@aws-sdk/property-provider" "3.272.0"
    "@aws-sdk/protocol-http" "3.272.0"
    "@aws-sdk/signature-v4" "3.272.0"
    "@aws-sdk/types" "3.272.0"
    "tslib" "^2.3.1"

"@aws-sdk/middleware-serde@3.272.0":
  "integrity" "sha512-kW1uOxgPSwtXPB5rm3QLdWomu42lkYpQL94tM1BjyFOWmBLO2lQhk5a7Dw6HkTozT9a+vxtscLChRa6KZe61Hw=="
  "resolved" "https://registry.npmjs.org/@aws-sdk/middleware-serde/-/middleware-serde-3.272.0.tgz"
  "version" "3.272.0"
  dependencies:
    "@aws-sdk/types" "3.272.0"
    "tslib" "^2.3.1"

"@aws-sdk/middleware-signing@3.272.0":
  "integrity" "sha512-4LChFK4VAR91X+dupqM8fQqYhFGE0G4Bf9rQlVTgGSbi2KUOmpqXzH0/WKE228nKuEhmH8+Qd2VPSAE2JcyAUA=="
  "resolved" "https://registry.npmjs.org/@aws-sdk/middleware-signing/-/middleware-signing-3.272.0.tgz"
  "version" "3.272.0"
  dependencies:
    "@aws-sdk/property-provider" "3.272.0"
    "@aws-sdk/protocol-http" "3.272.0"
    "@aws-sdk/signature-v4" "3.272.0"
    "@aws-sdk/types" "3.272.0"
    "@aws-sdk/util-middleware" "3.272.0"
    "tslib" "^2.3.1"

"@aws-sdk/middleware-stack@3.272.0":
  "integrity" "sha512-jhwhknnPBGhfXAGV5GXUWfEhDFoP/DN8MPCO2yC5OAxyp6oVJ8lTPLkZYMTW5VL0c0eG44dXpF4Ib01V+PlDrQ=="
  "resolved" "https://registry.npmjs.org/@aws-sdk/middleware-stack/-/middleware-stack-3.272.0.tgz"
  "version" "3.272.0"
  dependencies:
    "tslib" "^2.3.1"

"@aws-sdk/middleware-user-agent@3.272.0":
  "integrity" "sha512-Qy7/0fsDJxY5l0bEk7WKDfqb4Os/sCAgFR2zEvrhDtbkhYPf72ysvg/nRUTncmCbo8tOok4SJii2myk8KMfjjw=="
  "resolved" "https://registry.npmjs.org/@aws-sdk/middleware-user-agent/-/middleware-user-agent-3.272.0.tgz"
  "version" "3.272.0"
  dependencies:
    "@aws-sdk/protocol-http" "3.272.0"
    "@aws-sdk/types" "3.272.0"
    "tslib" "^2.3.1"

"@aws-sdk/node-config-provider@3.272.0":
  "integrity" "sha512-YYCIBh9g1EQo7hm2l22HX5Yr9RoPQ2RCvhzKvF1n1e8t1QH4iObQrYUtqHG4khcm64Cft8C5MwZmgzHbya5Z6Q=="
  "resolved" "https://registry.npmjs.org/@aws-sdk/node-config-provider/-/node-config-provider-3.272.0.tgz"
  "version" "3.272.0"
  dependencies:
    "@aws-sdk/property-provider" "3.272.0"
    "@aws-sdk/shared-ini-file-loader" "3.272.0"
    "@aws-sdk/types" "3.272.0"
    "tslib" "^2.3.1"

"@aws-sdk/node-http-handler@3.272.0":
  "integrity" "sha512-VrW9PjhhngeyYp4yGYPe5S0vgZH6NwU3Po9xAgayUeE37Inr7LS1YteFMHdpgsUUeNXnh7d06CXqHo1XjtqOKA=="
  "resolved" "https://registry.npmjs.org/@aws-sdk/node-http-handler/-/node-http-handler-3.272.0.tgz"
  "version" "3.272.0"
  dependencies:
    "@aws-sdk/abort-controller" "3.272.0"
    "@aws-sdk/protocol-http" "3.272.0"
    "@aws-sdk/querystring-builder" "3.272.0"
    "@aws-sdk/types" "3.272.0"
    "tslib" "^2.3.1"

"@aws-sdk/property-provider@3.272.0":
  "integrity" "sha512-V1pZTaH5eqpAt8O8CzbItHhOtzIfFuWymvwZFkAtwKuaHpnl7jjrTouV482zoq8AD/fF+VVSshwBKYA7bhidIw=="
  "resolved" "https://registry.npmjs.org/@aws-sdk/property-provider/-/property-provider-3.272.0.tgz"
  "version" "3.272.0"
  dependencies:
    "@aws-sdk/types" "3.272.0"
    "tslib" "^2.3.1"

"@aws-sdk/protocol-http@3.272.0":
  "integrity" "sha512-4JQ54v5Yn08jspNDeHo45CaSn1CvTJqS1Ywgr79eU6jBExtguOWv6LNtwVSBD9X37v88iqaxt8iu1Z3pZZAJeg=="
  "resolved" "https://registry.npmjs.org/@aws-sdk/protocol-http/-/protocol-http-3.272.0.tgz"
  "version" "3.272.0"
  dependencies:
    "@aws-sdk/types" "3.272.0"
    "tslib" "^2.3.1"

"@aws-sdk/querystring-builder@3.272.0":
  "integrity" "sha512-ndo++7GkdCj5tBXE6rGcITpSpZS4PfyV38wntGYAlj9liL1omk3bLZRY6uzqqkJpVHqbg2fD7O2qHNItzZgqhw=="
  "resolved" "https://registry.npmjs.org/@aws-sdk/querystring-builder/-/querystring-builder-3.272.0.tgz"
  "version" "3.272.0"
  dependencies:
    "@aws-sdk/types" "3.272.0"
    "@aws-sdk/util-uri-escape" "3.201.0"
    "tslib" "^2.3.1"

"@aws-sdk/querystring-parser@3.272.0":
  "integrity" "sha512-5oS4/9n6N1LZW9tI3qq/0GnCuWoOXRgcHVB+AJLRBvDbEe+GI+C/xK1tKLsfpDNgsQJHc4IPQoIt4megyZ/1+A=="
  "resolved" "https://registry.npmjs.org/@aws-sdk/querystring-parser/-/querystring-parser-3.272.0.tgz"
  "version" "3.272.0"
  dependencies:
    "@aws-sdk/types" "3.272.0"
    "tslib" "^2.3.1"

"@aws-sdk/service-error-classification@3.272.0":
  "integrity" "sha512-REoltM1LK9byyIufLqx9znhSolPcHQgVHIA2S0zu5sdt5qER4OubkLAXuo4MBbisUTmh8VOOvIyUb5ijZCXq1w=="
  "resolved" "https://registry.npmjs.org/@aws-sdk/service-error-classification/-/service-error-classification-3.272.0.tgz"
  "version" "3.272.0"

"@aws-sdk/shared-ini-file-loader@3.272.0":
  "integrity" "sha512-lzFPohp5sy2XvwFjZIzLVCRpC0i5cwBiaXmFzXYQZJm6FSCszHO4ax+m9yrtlyVFF/2YPWl+/bzNthy4aJtseA=="
  "resolved" "https://registry.npmjs.org/@aws-sdk/shared-ini-file-loader/-/shared-ini-file-loader-3.272.0.tgz"
  "version" "3.272.0"
  dependencies:
    "@aws-sdk/types" "3.272.0"
    "tslib" "^2.3.1"

"@aws-sdk/signature-v4@3.272.0":
  "integrity" "sha512-pWxnHG1NqJWMwlhJ6NHNiUikOL00DHROmxah6krJPMPq4I3am2KY2Rs/8ouWhnEXKaHAv4EQhSALJ+7Mq5S4/A=="
  "resolved" "https://registry.npmjs.org/@aws-sdk/signature-v4/-/signature-v4-3.272.0.tgz"
  "version" "3.272.0"
  dependencies:
    "@aws-sdk/is-array-buffer" "3.201.0"
    "@aws-sdk/types" "3.272.0"
    "@aws-sdk/util-hex-encoding" "3.201.0"
    "@aws-sdk/util-middleware" "3.272.0"
    "@aws-sdk/util-uri-escape" "3.201.0"
    "@aws-sdk/util-utf8" "3.254.0"
    "tslib" "^2.3.1"

"@aws-sdk/smithy-client@3.272.0":
  "integrity" "sha512-pvdleJ3kaRvyRw2pIZnqL85ZlWBOZrPKmR9I69GCvlyrfdjRBhbSjIEZ+sdhZudw0vdHxq25AGoLUXhofVLf5Q=="
  "resolved" "https://registry.npmjs.org/@aws-sdk/smithy-client/-/smithy-client-3.272.0.tgz"
  "version" "3.272.0"
  dependencies:
    "@aws-sdk/middleware-stack" "3.272.0"
    "@aws-sdk/types" "3.272.0"
    "tslib" "^2.3.1"

"@aws-sdk/token-providers@3.272.0":
  "integrity" "sha512-0GISJ4IKN2rXvbSddB775VjBGSKhYIGQnAdMqbvxi9LB6pSvVxcH9aIL28G0spiuL+dy3yGQZ8RlJPAyP9JW9A=="
  "resolved" "https://registry.npmjs.org/@aws-sdk/token-providers/-/token-providers-3.272.0.tgz"
  "version" "3.272.0"
  dependencies:
    "@aws-sdk/client-sso-oidc" "3.272.0"
    "@aws-sdk/property-provider" "3.272.0"
    "@aws-sdk/shared-ini-file-loader" "3.272.0"
    "@aws-sdk/types" "3.272.0"
    "tslib" "^2.3.1"

"@aws-sdk/types@^3.222.0", "@aws-sdk/types@3.272.0":
  "integrity" "sha512-MmmL6vxMGP5Bsi+4wRx4mxYlU/LX6M0noOXrDh/x5FfG7/4ZOar/nDxqDadhJtNM88cuWVHZWY59P54JzkGWmA=="
  "resolved" "https://registry.npmjs.org/@aws-sdk/types/-/types-3.272.0.tgz"
  "version" "3.272.0"
  dependencies:
    "tslib" "^2.3.1"

"@aws-sdk/url-parser@3.272.0":
  "integrity" "sha512-vX/Tx02PlnQ/Kgtf5TnrNDHPNbY+amLZjW0Z1d9vzAvSZhQ4i9Y18yxoRDIaDTCNVRDjdhV8iuctW+05PB5JtQ=="
  "resolved" "https://registry.npmjs.org/@aws-sdk/url-parser/-/url-parser-3.272.0.tgz"
  "version" "3.272.0"
  dependencies:
    "@aws-sdk/querystring-parser" "3.272.0"
    "@aws-sdk/types" "3.272.0"
    "tslib" "^2.3.1"

"@aws-sdk/util-base64@3.208.0":
  "integrity" "sha512-PQniZph5A6N7uuEOQi+1hnMz/FSOK/8kMFyFO+4DgA1dZ5pcKcn5wiFwHkcTb/BsgVqQa3Jx0VHNnvhlS8JyTg=="
  "resolved" "https://registry.npmjs.org/@aws-sdk/util-base64/-/util-base64-3.208.0.tgz"
  "version" "3.208.0"
  dependencies:
    "@aws-sdk/util-buffer-from" "3.208.0"
    "tslib" "^2.3.1"

"@aws-sdk/util-body-length-browser@3.188.0":
  "integrity" "sha512-8VpnwFWXhnZ/iRSl9mTf+VKOX9wDE8QtN4bj9pBfxwf90H1X7E8T6NkiZD3k+HubYf2J94e7DbeHs7fuCPW5Qg=="
  "resolved" "https://registry.npmjs.org/@aws-sdk/util-body-length-browser/-/util-body-length-browser-3.188.0.tgz"
  "version" "3.188.0"
  dependencies:
    "tslib" "^2.3.1"

"@aws-sdk/util-body-length-node@3.208.0":
  "integrity" "sha512-3zj50e5g7t/MQf53SsuuSf0hEELzMtD8RX8C76f12OSRo2Bca4FLLYHe0TZbxcfQHom8/hOaeZEyTyMogMglqg=="
  "resolved" "https://registry.npmjs.org/@aws-sdk/util-body-length-node/-/util-body-length-node-3.208.0.tgz"
  "version" "3.208.0"
  dependencies:
    "tslib" "^2.3.1"

"@aws-sdk/util-buffer-from@3.208.0":
  "integrity" "sha512-7L0XUixNEFcLUGPeBF35enCvB9Xl+K6SQsmbrPk1P3mlV9mguWSDQqbOBwY1Ir0OVbD6H/ZOQU7hI/9RtRI0Zw=="
  "resolved" "https://registry.npmjs.org/@aws-sdk/util-buffer-from/-/util-buffer-from-3.208.0.tgz"
  "version" "3.208.0"
  dependencies:
    "@aws-sdk/is-array-buffer" "3.201.0"
    "tslib" "^2.3.1"

"@aws-sdk/util-config-provider@3.208.0":
  "integrity" "sha512-DSRqwrERUsT34ug+anlMBIFooBEGwM8GejC7q00Y/9IPrQy50KnG5PW2NiTjuLKNi7pdEOlwTSEocJE15eDZIg=="
  "resolved" "https://registry.npmjs.org/@aws-sdk/util-config-provider/-/util-config-provider-3.208.0.tgz"
  "version" "3.208.0"
  dependencies:
    "tslib" "^2.3.1"

"@aws-sdk/util-defaults-mode-browser@3.272.0":
  "integrity" "sha512-W8ZVJSZRuUBg8l0JEZzUc+9fKlthVp/cdE+pFeF8ArhZelOLCiaeCrMaZAeJusaFzIpa6cmOYQAjtSMVyrwRtg=="
  "resolved" "https://registry.npmjs.org/@aws-sdk/util-defaults-mode-browser/-/util-defaults-mode-browser-3.272.0.tgz"
  "version" "3.272.0"
  dependencies:
    "@aws-sdk/property-provider" "3.272.0"
    "@aws-sdk/types" "3.272.0"
    "bowser" "^2.11.0"
    "tslib" "^2.3.1"

"@aws-sdk/util-defaults-mode-node@3.272.0":
  "integrity" "sha512-U0NTcbMw6KFk7uz/avBmfxQSTREEiX6JDMH68oN/3ux4AICd2I4jHyxnloSWGuiER1FxZf1dEJ8ZTwy8Ibl21Q=="
  "resolved" "https://registry.npmjs.org/@aws-sdk/util-defaults-mode-node/-/util-defaults-mode-node-3.272.0.tgz"
  "version" "3.272.0"
  dependencies:
    "@aws-sdk/config-resolver" "3.272.0"
    "@aws-sdk/credential-provider-imds" "3.272.0"
    "@aws-sdk/node-config-provider" "3.272.0"
    "@aws-sdk/property-provider" "3.272.0"
    "@aws-sdk/types" "3.272.0"
    "tslib" "^2.3.1"

"@aws-sdk/util-endpoints@3.272.0":
  "integrity" "sha512-c4MPUaJt2G6gGpoiwIOqDfUa98c1J63RpYvf/spQEKOtC/tF5Gfqlxuq8FnAl5lHnrqj1B9ZXLLxFhHtDR0IiQ=="
  "resolved" "https://registry.npmjs.org/@aws-sdk/util-endpoints/-/util-endpoints-3.272.0.tgz"
  "version" "3.272.0"
  dependencies:
    "@aws-sdk/types" "3.272.0"
    "tslib" "^2.3.1"

"@aws-sdk/util-hex-encoding@3.201.0":
  "integrity" "sha512-7t1vR1pVxKx0motd3X9rI3m/xNp78p3sHtP5yo4NP4ARpxyJ0fokBomY8ScaH2D/B+U5o9ARxldJUdMqyBlJcA=="
  "resolved" "https://registry.npmjs.org/@aws-sdk/util-hex-encoding/-/util-hex-encoding-3.201.0.tgz"
  "version" "3.201.0"
  dependencies:
    "tslib" "^2.3.1"

"@aws-sdk/util-locate-window@^3.0.0":
  "integrity" "sha512-iua1A2+P7JJEDHVgvXrRJSvsnzG7stYSGQnBVphIUlemwl6nN5D+QrgbjECtrbxRz8asYFHSzhdhECqN+tFiBg=="
  "resolved" "https://registry.npmjs.org/@aws-sdk/util-locate-window/-/util-locate-window-3.208.0.tgz"
  "version" "3.208.0"
  dependencies:
    "tslib" "^2.3.1"

"@aws-sdk/util-middleware@3.272.0":
  "integrity" "sha512-Abw8m30arbwxqmeMMha5J11ESpHUNmCeSqSzE8/C4B8jZQtHY4kq7f+upzcNIQ11lsd+uzBEzNG3+dDRi0XOJQ=="
  "resolved" "https://registry.npmjs.org/@aws-sdk/util-middleware/-/util-middleware-3.272.0.tgz"
  "version" "3.272.0"
  dependencies:
    "tslib" "^2.3.1"

"@aws-sdk/util-retry@3.272.0":
  "integrity" "sha512-Ngha5414LR4gRHURVKC9ZYXsEJhMkm+SJ+44wlzOhavglfdcKKPUsibz5cKY1jpUV7oKECwaxHWpBB8r6h+hOg=="
  "resolved" "https://registry.npmjs.org/@aws-sdk/util-retry/-/util-retry-3.272.0.tgz"
  "version" "3.272.0"
  dependencies:
    "@aws-sdk/service-error-classification" "3.272.0"
    "tslib" "^2.3.1"

"@aws-sdk/util-uri-escape@3.201.0":
  "integrity" "sha512-TeTWbGx4LU2c5rx0obHeDFeO9HvwYwQtMh1yniBz00pQb6Qt6YVOETVQikRZ+XRQwEyCg/dA375UplIpiy54mA=="
  "resolved" "https://registry.npmjs.org/@aws-sdk/util-uri-escape/-/util-uri-escape-3.201.0.tgz"
  "version" "3.201.0"
  dependencies:
    "tslib" "^2.3.1"

"@aws-sdk/util-user-agent-browser@3.272.0":
  "integrity" "sha512-Lp5QX5bH6uuwBlIdr7w7OAcAI50ttyskb++yUr9i+SPvj6RI2dsfIBaK4mDg1qUdM5LeUdvIyqwj3XHjFKAAvA=="
  "resolved" "https://registry.npmjs.org/@aws-sdk/util-user-agent-browser/-/util-user-agent-browser-3.272.0.tgz"
  "version" "3.272.0"
  dependencies:
    "@aws-sdk/types" "3.272.0"
    "bowser" "^2.11.0"
    "tslib" "^2.3.1"

"@aws-sdk/util-user-agent-node@3.272.0":
  "integrity" "sha512-ljK+R3l+Q1LIHrcR+Knhk0rmcSkfFadZ8V+crEGpABf/QUQRg7NkZMsoe814tfBO5F7tMxo8wwwSdaVNNHtoRA=="
  "resolved" "https://registry.npmjs.org/@aws-sdk/util-user-agent-node/-/util-user-agent-node-3.272.0.tgz"
  "version" "3.272.0"
  dependencies:
    "@aws-sdk/node-config-provider" "3.272.0"
    "@aws-sdk/types" "3.272.0"
    "tslib" "^2.3.1"

"@aws-sdk/util-utf8-browser@^3.0.0":
  "integrity" "sha512-UvFa/vR+e19XookZF8RzFZBrw2EUkQWxiBW0yYQAhvk3C+QVGl0H3ouca8LDBlBfQKXwmW3huo/59H8rwb1wJw=="
  "resolved" "https://registry.npmjs.org/@aws-sdk/util-utf8-browser/-/util-utf8-browser-3.259.0.tgz"
  "version" "3.259.0"
  dependencies:
    "tslib" "^2.3.1"

"@aws-sdk/util-utf8@3.254.0":
  "integrity" "sha512-14Kso/eIt5/qfIBmhEL9L1IfyUqswjSTqO2mY7KOzUZ9SZbwn3rpxmtkhmATkRjD7XIlLKaxBkI7tU9Zjzj8Kw=="
  "resolved" "https://registry.npmjs.org/@aws-sdk/util-utf8/-/util-utf8-3.254.0.tgz"
  "version" "3.254.0"
  dependencies:
    "@aws-sdk/util-buffer-from" "3.208.0"
    "tslib" "^2.3.1"

"@types/aws-lambda@8.10.92":
  "integrity" "sha512-dB14TltT1SNq73z3MaZfKyyBZ37NAgAFl8jze59bisR4fJ6pB6AYGxItHFkooZbN7UcVJX/cFudM4p8wp1W4rA=="
  "resolved" "https://registry.npmjs.org/@types/aws-lambda/-/aws-lambda-8.10.92.tgz"
  "version" "8.10.92"

"accepts@~1.3.3":
  "integrity" "sha512-PYAthTa2m2VKxuvSD3DPC/Gy+U+sOA1LAuT8mkmRuvw+NACSaeXEQ+NHcVF7rONl6qcaxV3Uuemwawk+7+SJLw=="
  "resolved" "https://registry.npmjs.org/accepts/-/accepts-1.3.8.tgz"
  "version" "1.3.8"
  dependencies:
    "mime-types" "~2.1.34"
    "negotiator" "0.6.3"

"array-flatten@1.1.1":
  "integrity" "sha512-PCVAQswWemu6UdxsDFFX/+gVeYqKAod3D3UVm91jHwynguOwAvYPhx8nNlM++NqRcK6CxxpUafjmhIdKiHibqg=="
  "resolved" "https://registry.npmjs.org/array-flatten/-/array-flatten-1.1.1.tgz"
  "version" "1.1.1"

"aws-serverless-express@3.3.5":
  "integrity" "sha512-j/rVn0opGkksCQjUd0ji9HZKjcx2E+MbBM3p68ocYStG6B16Wl88Hqxd/d1TdwE5RRo8g0uhiFaLTfp8tA4eKg=="
  "resolved" "https://registry.npmjs.org/aws-serverless-express/-/aws-serverless-express-3.3.5.tgz"
  "version" "3.3.5"
  dependencies:
    "binary-case" "^1.0.0"
    "type-is" "^1.6.16"

"binary-case@^1.0.0":
  "integrity" "sha512-9Kq8m6NZTAgy05Ryuh7U3Qc4/ujLQU1AZ5vMw4cr3igTdi5itZC6kCNrRr2X8NzPiDn2oUIFTfa71DKMnue/Zg=="
  "resolved" "https://registry.npmjs.org/binary-case/-/binary-case-1.1.4.tgz"
  "version" "1.1.4"

"body-parser@1.17.1":
  "integrity" "sha512-yMi6cDvaQLniK4bQATEZWYVn52TqcFt5fr8mP5xMI+1S5Kk6ouSF90ncoorYXCjsPLN9ilJ/rAbmpNKfj93gkQ=="
  "resolved" "https://registry.npmjs.org/body-parser/-/body-parser-1.17.1.tgz"
  "version" "1.17.1"
  dependencies:
    "bytes" "2.4.0"
    "content-type" "~1.0.2"
    "debug" "2.6.1"
    "depd" "~1.1.0"
    "http-errors" "~1.6.1"
    "iconv-lite" "0.4.15"
    "on-finished" "~2.3.0"
    "qs" "6.4.0"
    "raw-body" "~2.2.0"
    "type-is" "~1.6.14"

"bowser@^2.11.0":
  "integrity" "sha512-AlcaJBi/pqqJBIQ8U9Mcpc9i8Aqxn88Skv5d+xBX006BY5u8N3mGLHa5Lgppa7L/HfwgwLgZ6NYs+Ag6uUmJRA=="
  "resolved" "https://registry.npmjs.org/bowser/-/bowser-2.11.0.tgz"
  "version" "2.11.0"

"bytes@2.4.0":
  "integrity" "sha512-SvUX8+c/Ga454a4fprIdIUzUN9xfd1YTvYh7ub5ZPJ+ZJ/+K2Bp6IpWGmnw8r3caLTsmhvJAKZz3qjIo9+XuCQ=="
  "resolved" "https://registry.npmjs.org/bytes/-/bytes-2.4.0.tgz"
  "version" "2.4.0"

"content-disposition@0.5.2":
  "integrity" "sha512-kRGRZw3bLlFISDBgwTSA1TMBFN6J6GWDeubmDE3AF+3+yXL8hTWv8r5rkLbqYXY4RjPk/EzHnClI3zQf1cFmHA=="
  "resolved" "https://registry.npmjs.org/content-disposition/-/content-disposition-0.5.2.tgz"
  "version" "0.5.2"

"content-type@~1.0.2":
  "integrity" "sha512-nTjqfcBFEipKdXCv4YDQWCfmcLZKm81ldF0pAopTvyrFGVbcR6P/VAAd5G7N+0tTr8QqiU0tFadD6FK4NtJwOA=="
  "resolved" "https://registry.npmjs.org/content-type/-/content-type-1.0.5.tgz"
  "version" "1.0.5"

"cookie-signature@1.0.6":
  "integrity" "sha512-QADzlaHc8icV8I7vbaJXJwod9HWYp8uCqf1xa4OfNu1T7JVxQIrUgOWtHdNDtPiywmFbiS12VjotIXLrKM3orQ=="
  "resolved" "https://registry.npmjs.org/cookie-signature/-/cookie-signature-1.0.6.tgz"
  "version" "1.0.6"

"cookie@0.3.1":
  "integrity" "sha512-+IJOX0OqlHCszo2mBUq+SrEbCj6w7Kpffqx60zYbPTFaO4+yYgRjHwcZNpWvaTylDHaV7PPmBHzSecZiMhtPgw=="
  "resolved" "https://registry.npmjs.org/cookie/-/cookie-0.3.1.tgz"
  "version" "0.3.1"

"debug@2.6.1":
  "integrity" "sha512-BmFi/QgceF1MztznXEqbZXATlMwzrsfWR9Iahbp4j7vTK+Sel84Mt3SZ/btENs22PSm0bw6NOoZOd2fbOczPRQ=="
  "resolved" "https://registry.npmjs.org/debug/-/debug-2.6.1.tgz"
  "version" "2.6.1"
  dependencies:
    "ms" "0.7.2"

"debug@2.6.9":
  "integrity" "sha512-bC7ElrdJaJnPbAP+1EotYvqZsb3ecl5wi6Bfi6BJTUcNowp6cvspg0jXznRTKDjm/E7AdgFBVeAPVMNcKGsHMA=="
  "resolved" "https://registry.npmjs.org/debug/-/debug-2.6.9.tgz"
  "version" "2.6.9"
  dependencies:
    "ms" "2.0.0"

"depd@~1.1.0", "depd@~1.1.2":
  "integrity" "sha512-7emPTl6Dpo6JRXOXjLRxck+FlLRX5847cLKEn00PLAgc3g2hTZZgr+e4c2v6QpSmLeFP3n5yUo7ft6avBK/5jQ=="
  "resolved" "https://registry.npmjs.org/depd/-/depd-1.1.2.tgz"
  "version" "1.1.2"

"destroy@~1.0.4":
  "integrity" "sha512-3NdhDuEXnfun/z7x9GOElY49LoqVHoGScmOKwmxhsS8N5Y+Z8KyPPDnaSzqWgYt/ji4mqwfTS34Htrk0zPIXVg=="
  "resolved" "https://registry.npmjs.org/destroy/-/destroy-1.0.4.tgz"
  "version" "1.0.4"

"dotenv@16.0.3":
  "integrity" "sha512-7GO6HghkA5fYG9TYnNxi14/7K9f5occMlp3zXAuSxn7CKCxt9xbNWG7yF8hTCSUchlfWSe3uLmlPfigevRItzQ=="
  "resolved" "https://registry.npmjs.org/dotenv/-/dotenv-16.0.3.tgz"
  "version" "16.0.3"

"ee-first@1.1.1":
  "integrity" "sha512-WMwm9LhRUo+WUaRN+vRuETqG89IgZphVSNkdFgeb6sS/E4OrDIN7t48CAewSHXc6C8lefD8KKfr5vY61brQlow=="
  "resolved" "https://registry.npmjs.org/ee-first/-/ee-first-1.1.1.tgz"
  "version" "1.1.1"

"encodeurl@~1.0.1":
  "integrity" "sha512-TPJXq8JqFaVYm2CWmPvnP2Iyo4ZSM7/QKcSmuMLDObfpH5fi7RUGmd/rTDf+rut/saiDiQEeVTNgAmJEdAOx0w=="
  "resolved" "https://registry.npmjs.org/encodeurl/-/encodeurl-1.0.2.tgz"
  "version" "1.0.2"

"escape-html@~1.0.3":
  "integrity" "sha512-NiSupZ4OeuGwr68lGIeym/ksIZMJodUGOSCZ/FSnTxcrekbvqrgdUxlJOMpijaKZVjAJrWrGs/6Jy8OMuyj9ow=="
  "resolved" "https://registry.npmjs.org/escape-html/-/escape-html-1.0.3.tgz"
  "version" "1.0.3"

"etag@~1.8.0":
  "integrity" "sha512-aIL5Fx7mawVa300al2BnEE4iNvo1qETxLrPI/o05L7z6go7fCw1J6EQmbK4FmJ2AS7kgVF/KEZWufBfdClMcPg=="
  "resolved" "https://registry.npmjs.org/etag/-/etag-1.8.1.tgz"
  "version" "1.8.1"

"express@4.15.2":
  "integrity" "sha512-zcWjYahMpHMWzQub5h04Tx7EY1Kmef0KXA2024pIpJAObNYU2rzY/J66otPCc0Y1Xn6Y/nosFq2S2AzIXAHGRw=="
  "resolved" "https://registry.npmjs.org/express/-/express-4.15.2.tgz"
  "version" "4.15.2"
  dependencies:
    "accepts" "~1.3.3"
    "array-flatten" "1.1.1"
    "content-disposition" "0.5.2"
    "content-type" "~1.0.2"
    "cookie" "0.3.1"
    "cookie-signature" "1.0.6"
    "debug" "2.6.1"
    "depd" "~1.1.0"
    "encodeurl" "~1.0.1"
    "escape-html" "~1.0.3"
    "etag" "~1.8.0"
    "finalhandler" "~1.0.0"
    "fresh" "0.5.0"
    "merge-descriptors" "1.0.1"
    "methods" "~1.1.2"
    "on-finished" "~2.3.0"
    "parseurl" "~1.3.1"
    "path-to-regexp" "0.1.7"
    "proxy-addr" "~1.1.3"
    "qs" "6.4.0"
    "range-parser" "~1.2.0"
    "send" "0.15.1"
    "serve-static" "1.12.1"
    "setprototypeof" "1.0.3"
    "statuses" "~1.3.1"
    "type-is" "~1.6.14"
    "utils-merge" "1.0.0"
    "vary" "~1.1.0"

"fast-xml-parser@4.0.11":
  "integrity" "sha512-4aUg3aNRR/WjQAcpceODG1C3x3lFANXRo8+1biqfieHmg9pyMt7qB4lQV/Ta6sJCTbA5vfD8fnA8S54JATiFUA=="
  "resolved" "https://registry.npmjs.org/fast-xml-parser/-/fast-xml-parser-4.0.11.tgz"
  "version" "4.0.11"
  dependencies:
    "strnum" "^1.0.5"

"finalhandler@~1.0.0":
  "integrity" "sha512-immlyyYCPWG2tajlYBhZ6cjLAv1QAclU8tKS0d27ZtPqm/+iddy16GT3xLExg+V4lIETLpPwaYQAlZHNE//dPA=="
  "resolved" "https://registry.npmjs.org/finalhandler/-/finalhandler-1.0.6.tgz"
  "version" "1.0.6"
  dependencies:
    "debug" "2.6.9"
    "encodeurl" "~1.0.1"
    "escape-html" "~1.0.3"
    "on-finished" "~2.3.0"
    "parseurl" "~1.3.2"
    "statuses" "~1.3.1"
    "unpipe" "~1.0.0"

"forwarded@~0.1.0":
  "integrity" "sha512-Ua9xNhH0b8pwE3yRbFfXJvfdWF0UHNCdeyb2sbi9Ul/M+r3PTdrz7Cv4SCfZRMjmzEM9PhraqfZFbGTIg3OMyA=="
  "resolved" "https://registry.npmjs.org/forwarded/-/forwarded-0.1.2.tgz"
  "version" "0.1.2"

"fresh@0.5.0":
  "integrity" "sha512-FveevZlqNSIBombLEB9L3WyWg74r6d0sk+unzqKmt33b5egY0YXDFWIQ/t2Fzr9mgBLL0BlL0/rdg8Oq1C0SVw=="
  "resolved" "https://registry.npmjs.org/fresh/-/fresh-0.5.0.tgz"
  "version" "0.5.0"

"http-errors@~1.6.1":
  "integrity" "sha512-lks+lVC8dgGyh97jxvxeYTWQFvh4uw4yC12gVl63Cg30sjPX4wuGcdkICVXDAESr6OJGjqGA8Iz5mkeN6zlD7A=="
  "resolved" "https://registry.npmjs.org/http-errors/-/http-errors-1.6.3.tgz"
  "version" "1.6.3"
  dependencies:
    "depd" "~1.1.2"
    "inherits" "2.0.3"
    "setprototypeof" "1.1.0"
    "statuses" ">= 1.4.0 < 2"

"iconv-lite@0.4.15":
  "integrity" "sha512-RGR+c9Lm+tLsvU57FTJJtdbv2hQw42Yl2n26tVIBaYmZzLN+EGfroUugN/z9nJf9kOXd49hBmpoGr4FEm+A4pw=="
  "resolved" "https://registry.npmjs.org/iconv-lite/-/iconv-lite-0.4.15.tgz"
  "version" "0.4.15"

"inherits@2.0.3":
  "integrity" "sha512-x00IRNXNy63jwGkJmzPigoySHbaqpNuzKbBOmzK+g2OdZpQ9w+sxCN+VSB3ja7IAge2OP2qpfxTjeNcyjmW1uw=="
  "resolved" "https://registry.npmjs.org/inherits/-/inherits-2.0.3.tgz"
  "version" "2.0.3"

"ipaddr.js@1.4.0":
  "integrity" "sha512-RbrsPoo4IkisyHhS9VDa3ybxnu0wOo0uTAhaELmwxq244p18X7Dk0fQoJvh/QTkIUO296fbjgvMqK3ry84eVVA=="
  "resolved" "https://registry.npmjs.org/ipaddr.js/-/ipaddr.js-1.4.0.tgz"
  "version" "1.4.0"

"media-typer@0.3.0":
  "integrity" "sha512-dq+qelQ9akHpcOl/gUVRTxVIOkAJ1wR3QAvb4RsVjS8oVoFjDGTc679wJYmUmknUF5HwMLOgb5O+a3KxfWapPQ=="
  "resolved" "https://registry.npmjs.org/media-typer/-/media-typer-0.3.0.tgz"
  "version" "0.3.0"

"merge-descriptors@1.0.1":
  "integrity" "sha512-cCi6g3/Zr1iqQi6ySbseM1Xvooa98N0w31jzUYrXPX2xqObmFGHJ0tQ5u74H3mVh7wLouTseZyYIq39g8cNp1w=="
  "resolved" "https://registry.npmjs.org/merge-descriptors/-/merge-descriptors-1.0.1.tgz"
  "version" "1.0.1"

"methods@~1.1.2":
  "integrity" "sha512-iclAHeNqNm68zFtnZ0e+1L2yUIdvzNoauKU4WBA3VvH/vPFieF7qfRlwUZU+DA9P9bPXIS90ulxoUoCH23sV2w=="
  "resolved" "https://registry.npmjs.org/methods/-/methods-1.1.2.tgz"
  "version" "1.1.2"

"mime-db@1.52.0":
  "integrity" "sha512-sPU4uV7dYlvtWJxwwxHD0PuihVNiE7TyAbQ5SWxDCB9mUYvOgroQOwYQQOKPJ8CIbE+1ETVlOoK1UC2nU3gYvg=="
  "resolved" "https://registry.npmjs.org/mime-db/-/mime-db-1.52.0.tgz"
  "version" "1.52.0"

"mime-types@~2.1.24", "mime-types@~2.1.34":
  "integrity" "sha512-ZDY+bPm5zTTF+YpCrAU9nK0UgICYPT0QtT1NZWFv4s++TNkcgVaT0g6+4R2uI4MjQjzysHB1zxuWL50hzaeXiw=="
  "resolved" "https://registry.npmjs.org/mime-types/-/mime-types-2.1.35.tgz"
  "version" "2.1.35"
  dependencies:
    "mime-db" "1.52.0"

"mime@1.3.4":
  "integrity" "sha512-sAaYXszED5ALBt665F0wMQCUXpGuZsGdopoqcHPdL39ZYdi7uHoZlhrfZfhv8WzivhBzr/oXwaj+yiK5wY8MXQ=="
  "resolved" "https://registry.npmjs.org/mime/-/mime-1.3.4.tgz"
  "version" "1.3.4"

"ms@0.7.2":
  "integrity" "sha512-5NnE67nQSQDJHVahPJna1PQ/zCXMnQop3yUCxjKPNzCxuyPSKWTQ/5Gu5CZmjetwGLWRA+PzeF5thlbOdbQldA=="
  "resolved" "https://registry.npmjs.org/ms/-/ms-0.7.2.tgz"
  "version" "0.7.2"

"ms@2.0.0":
  "integrity" "sha512-Tpp60P6IUJDTuOq/5Z8cdskzJujfwqfOTkrwIwj7IRISpnkJnT6SyJ4PCPnGMoFjC9ddhal5KVIYtAt97ix05A=="
  "resolved" "https://registry.npmjs.org/ms/-/ms-2.0.0.tgz"
  "version" "2.0.0"

"negotiator@0.6.3":
  "integrity" "sha512-+EUsqGPLsM+j/zdChZjsnX51g4XrHFOIXwfnCVPGlQk/k5giakcKsuxCObBRu6DSm9opw/O6slWbJdghQM4bBg=="
  "resolved" "https://registry.npmjs.org/negotiator/-/negotiator-0.6.3.tgz"
  "version" "0.6.3"

"on-finished@~2.3.0":
  "integrity" "sha512-ikqdkGAAyf/X/gPhXGvfgAytDZtDbr+bkNUJ0N9h5MI/dmdgCs3l6hoHrcUv41sRKew3jIwrp4qQDXiK99Utww=="
  "resolved" "https://registry.npmjs.org/on-finished/-/on-finished-2.3.0.tgz"
  "version" "2.3.0"
  dependencies:
    "ee-first" "1.1.1"

"parseurl@~1.3.1", "parseurl@~1.3.2":
  "integrity" "sha512-CiyeOxFT/JZyN5m0z9PfXw4SCBJ6Sygz1Dpl0wqjlhDEGGBP1GnsUVEL0p63hoG1fcj3fHynXi9NYO4nWOL+qQ=="
  "resolved" "https://registry.npmjs.org/parseurl/-/parseurl-1.3.3.tgz"
  "version" "1.3.3"

"path-to-regexp@0.1.7":
  "integrity" "sha512-5DFkuoqlv1uYQKxy8omFBeJPQcdoE07Kv2sferDCrAq1ohOU+MSDswDIbnx3YAM60qIOnYa53wBhXW0EbMonrQ=="
  "resolved" "https://registry.npmjs.org/path-to-regexp/-/path-to-regexp-0.1.7.tgz"
  "version" "0.1.7"

"proxy-addr@~1.1.3":
  "integrity" "sha512-av1MQ5vwTiMICwU75KSf/vJ6a+AXP0MtP+aYBqm2RFlire7BP6sWlfOLc8+6wIQrywycqSpJWm5zNkYFkRARWA=="
  "resolved" "https://registry.npmjs.org/proxy-addr/-/proxy-addr-1.1.5.tgz"
  "version" "1.1.5"
  dependencies:
    "forwarded" "~0.1.0"
    "ipaddr.js" "1.4.0"

"qs@6.4.0":
  "integrity" "sha512-Qs6dfgR5OksK/PSxl1kGxiZgEQe8RqJMB9wZqVlKQfU+zzV+HY77pWJnoJENACKDQByWdpr8ZPIh1TBi4lpiSQ=="
  "resolved" "https://registry.npmjs.org/qs/-/qs-6.4.0.tgz"
  "version" "6.4.0"

"range-parser@~1.2.0":
  "integrity" "sha512-Hrgsx+orqoygnmhFbKaHE6c296J+HTAQXoxEF6gNupROmmGJRoyzfG3ccAveqCBrwr/2yxQ5BVd/GTl5agOwSg=="
  "resolved" "https://registry.npmjs.org/range-parser/-/range-parser-1.2.1.tgz"
  "version" "1.2.1"

"raw-body@~2.2.0":
  "integrity" "sha512-C6xnwM0GY3tP6cwSzBTjPIW/PgxwxxHAyDoO4q4Ajyf80TyU2e5IsMwumoJf5WXiAVG77u2SDEFUM/9T+9oC0g=="
  "resolved" "https://registry.npmjs.org/raw-body/-/raw-body-2.2.0.tgz"
  "version" "2.2.0"
  dependencies:
    "bytes" "2.4.0"
    "iconv-lite" "0.4.15"
    "unpipe" "1.0.0"

"send@0.15.1":
  "integrity" "sha512-mDWpAnBCtb9eQJCpZwH8lHf2bFfKl3H575n/xcBU3xfH+gYoHTxfTZ1EhQF+W5k2SpsaRtQTLjhAAjDFekdEgw=="
  "resolved" "https://registry.npmjs.org/send/-/send-0.15.1.tgz"
  "version" "0.15.1"
  dependencies:
    "debug" "2.6.1"
    "depd" "~1.1.0"
    "destroy" "~1.0.4"
    "encodeurl" "~1.0.1"
    "escape-html" "~1.0.3"
    "etag" "~1.8.0"
    "fresh" "0.5.0"
    "http-errors" "~1.6.1"
    "mime" "1.3.4"
    "ms" "0.7.2"
    "on-finished" "~2.3.0"
    "range-parser" "~1.2.0"
    "statuses" "~1.3.1"

"serve-static@1.12.1":
  "integrity" "sha512-/bjOTafwjEin0RIKpFxB6n82TVPV/z0fH2InaCTkUrxmDQZuPZe/aSqHpOSfzguS1k5oHbf6gWKw0fSUOlKa0A=="
  "resolved" "https://registry.npmjs.org/serve-static/-/serve-static-1.12.1.tgz"
  "version" "1.12.1"
  dependencies:
    "encodeurl" "~1.0.1"
    "escape-html" "~1.0.3"
    "parseurl" "~1.3.1"
    "send" "0.15.1"

"setprototypeof@1.0.3":
  "integrity" "sha512-9jphSf3UbIgpOX/RKvX02iw/rN2TKdusnsPpGfO/rkcsrd+IRqgHZb4VGnmL0Cynps8Nj2hN45wsi30BzrHDIw=="
  "resolved" "https://registry.npmjs.org/setprototypeof/-/setprototypeof-1.0.3.tgz"
  "version" "1.0.3"

"setprototypeof@1.1.0":
  "integrity" "sha512-BvE/TwpZX4FXExxOxZyRGQQv651MSwmWKZGqvmPcRIjDqWub67kTKuIMx43cZZrS/cBBzwBcNDWoFxt2XEFIpQ=="
  "resolved" "https://registry.npmjs.org/setprototypeof/-/setprototypeof-1.1.0.tgz"
  "version" "1.1.0"

"statuses@>= 1.4.0 < 2":
  "integrity" "sha512-OpZ3zP+jT1PI7I8nemJX4AKmAX070ZkYPVWV/AaKTJl+tXCTGyVdC1a4SL8RUQYEwk/f34ZX8UTykN68FwrqAA=="
  "resolved" "https://registry.npmjs.org/statuses/-/statuses-1.5.0.tgz"
  "version" "1.5.0"

"statuses@~1.3.1":
  "integrity" "sha512-wuTCPGlJONk/a1kqZ4fQM2+908lC7fa7nPYpTC1EhnvqLX/IICbeP1OZGDtA374trpSq68YubKUMo8oRhN46yg=="
  "resolved" "https://registry.npmjs.org/statuses/-/statuses-1.3.1.tgz"
  "version" "1.3.1"

"strnum@^1.0.5":
  "integrity" "sha512-J8bbNyKKXl5qYcR36TIO8W3mVGVHrmmxsd5PAItGkmyzwJvybiw2IVq5nqd0i4LSNSkB/sx9VHllbfFdr9k1JA=="
  "resolved" "https://registry.npmjs.org/strnum/-/strnum-1.0.5.tgz"
  "version" "1.0.5"

"tslib@^1.11.1":
  "integrity" "sha512-Xni35NKzjgMrwevysHTCArtLDpPvye8zV/0E4EyYn43P7/7qvQwPh9BGkHewbMulVntbigmcT7rdX3BNo9wRJg=="
  "resolved" "https://registry.npmjs.org/tslib/-/tslib-1.14.1.tgz"
  "version" "1.14.1"

"tslib@^2.3.1":
  "integrity" "sha512-336iVw3rtn2BUK7ORdIAHTyxHGRIHVReokCR3XjbckJMK7ms8FysBfhLR8IXnAgy7T0PTPNBWKiH514FOW/WSg=="
  "resolved" "https://registry.npmjs.org/tslib/-/tslib-2.5.0.tgz"
  "version" "2.5.0"

"type-is@^1.6.16", "type-is@~1.6.14":
  "integrity" "sha512-TkRKr9sUTxEH8MdfuCSP7VizJyzRNMjj2J2do2Jr3Kym598JVdEksuzPQCnlFPW4ky9Q+iA+ma9BGm06XQBy8g=="
  "resolved" "https://registry.npmjs.org/type-is/-/type-is-1.6.18.tgz"
  "version" "1.6.18"
  dependencies:
    "media-typer" "0.3.0"
    "mime-types" "~2.1.24"

"unpipe@~1.0.0", "unpipe@1.0.0":
  "integrity" "sha512-pjy2bYhSsufwWlKwPc+l3cN7+wuJlK6uz0YdJEOlQDbl6jo/YlPi4mb8agUkVC8BF7V8NuzeyPNqRksA3hztKQ=="
  "resolved" "https://registry.npmjs.org/unpipe/-/unpipe-1.0.0.tgz"
  "version" "1.0.0"

"utils-merge@1.0.0":
  "integrity" "sha512-HwU9SLQEtyo+0uoKXd1nkLqigUWLB+QuNQR4OcmB73eWqksM5ovuqcycks2x043W8XVb75rG1HQ0h93TMXkzQQ=="
  "resolved" "https://registry.npmjs.org/utils-merge/-/utils-merge-1.0.0.tgz"
  "version" "1.0.0"

"uuid@^8.3.2":
  "integrity" "sha512-+NYs2QeMWy+GWFOEm9xnn6HCDp0l7QBD7ml8zLUmJ+93Q5NF0NocErnwkTkXVFNiX3/fpC6afS8Dhb/gz7R7eg=="
  "resolved" "https://registry.npmjs.org/uuid/-/uuid-8.3.2.tgz"
  "version" "8.3.2"

"vary@~1.1.0":
  "integrity" "sha512-BNGbWLfd0eUPabhkXUVm0j8uuvREyTh5ovRa/dyow/BqAbZJyC+5fU+IzQOzmAKzYqYRAISoRhdQr3eIZ/PXqg=="
  "resolved" "https://registry.npmjs.org/vary/-/vary-1.1.2.tgz"
  "version" "1.1.2"
